// !$*UTF8*$!
{
	archiveVersion = 1;
	classes = {
	};
	objectVersion = 46;
	objects = {

/* Begin PBXBuildFile section */
		A8101D431B7D824300A50183 /* main.m in Sources */ = {isa = PBXBuildFile; fileRef = A8101D421B7D824300A50183 /* main.m */; };
		A8101D461B7D824300A50183 /* AppDelegate.m in Sources */ = {isa = PBXBuildFile; fileRef = A8101D451B7D824300A50183 /* AppDelegate.m */; };
		A8101D491B7D824300A50183 /* ViewController.m in Sources */ = {isa = PBXBuildFile; fileRef = A8101D481B7D824300A50183 /* ViewController.m */; };
		A8101D4C1B7D824300A50183 /* Main.storyboard in Resources */ = {isa = PBXBuildFile; fileRef = A8101D4A1B7D824300A50183 /* Main.storyboard */; };
		A8101D4E1B7D824300A50183 /* Images.xcassets in Resources */ = {isa = PBXBuildFile; fileRef = A8101D4D1B7D824300A50183 /* Images.xcassets */; };
		A8101D511B7D824300A50183 /* LaunchScreen.xib in Resources */ = {isa = PBXBuildFile; fileRef = A8101D4F1B7D824300A50183 /* LaunchScreen.xib */; };
		A8101D5D1B7D824300A50183 /* bottestTests.m in Sources */ = {isa = PBXBuildFile; fileRef = A8101D5C1B7D824300A50183 /* bottestTests.m */; };
/* End PBXBuildFile section */

/* Begin PBXContainerItemProxy section */
		A8101D571B7D824300A50183 /* PBXContainerItemProxy */ = {
			isa = PBXContainerItemProxy;
			containerPortal = A8101D351B7D824300A50183 /* Project object */;
			proxyType = 1;
			remoteGlobalIDString = A8101D3C1B7D824300A50183;
			remoteInfo = bottest;
		};
/* End PBXContainerItemProxy section */

/* Begin PBXFileReference section */
		A8101D3D1B7D824300A50183 /* bottest.app */ = {isa = PBXFileReference; explicitFileType = wrapper.application; includeInIndex = 0; path = bottest.app; sourceTree = BUILT_PRODUCTS_DIR; };
		A8101D411B7D824300A50183 /* Info.plist */ = {isa = PBXFileReference; lastKnownFileType = text.plist.xml; path = Info.plist; sourceTree = "<group>"; };
		A8101D421B7D824300A50183 /* main.m */ = {isa = PBXFileReference; lastKnownFileType = sourcecode.c.objc; path = main.m; sourceTree = "<group>"; };
		A8101D441B7D824300A50183 /* AppDelegate.h */ = {isa = PBXFileReference; lastKnownFileType = sourcecode.c.h; path = AppDelegate.h; sourceTree = "<group>"; };
		A8101D451B7D824300A50183 /* AppDelegate.m */ = {isa = PBXFileReference; lastKnownFileType = sourcecode.c.objc; path = AppDelegate.m; sourceTree = "<group>"; };
		A8101D471B7D824300A50183 /* ViewController.h */ = {isa = PBXFileReference; lastKnownFileType = sourcecode.c.h; path = ViewController.h; sourceTree = "<group>"; };
		A8101D481B7D824300A50183 /* ViewController.m */ = {isa = PBXFileReference; lastKnownFileType = sourcecode.c.objc; path = ViewController.m; sourceTree = "<group>"; };
		A8101D4B1B7D824300A50183 /* Base */ = {isa = PBXFileReference; lastKnownFileType = file.storyboard; name = Base; path = Base.lproj/Main.storyboard; sourceTree = "<group>"; };
		A8101D4D1B7D824300A50183 /* Images.xcassets */ = {isa = PBXFileReference; lastKnownFileType = folder.assetcatalog; path = Images.xcassets; sourceTree = "<group>"; };
		A8101D501B7D824300A50183 /* Base */ = {isa = PBXFileReference; lastKnownFileType = file.xib; name = Base; path = Base.lproj/LaunchScreen.xib; sourceTree = "<group>"; };
		A8101D561B7D824300A50183 /* bottestTests.xctest */ = {isa = PBXFileReference; explicitFileType = wrapper.cfbundle; includeInIndex = 0; path = bottestTests.xctest; sourceTree = BUILT_PRODUCTS_DIR; };
		A8101D5B1B7D824300A50183 /* Info.plist */ = {isa = PBXFileReference; lastKnownFileType = text.plist.xml; path = Info.plist; sourceTree = "<group>"; };
		A8101D5C1B7D824300A50183 /* bottestTests.m */ = {isa = PBXFileReference; lastKnownFileType = sourcecode.c.objc; path = bottestTests.m; sourceTree = "<group>"; };
/* End PBXFileReference section */

/* Begin PBXFrameworksBuildPhase section */
		A8101D3A1B7D824300A50183 /* Frameworks */ = {
			isa = PBXFrameworksBuildPhase;
			buildActionMask = 2147483647;
			files = (
			);
			runOnlyForDeploymentPostprocessing = 0;
		};
		A8101D531B7D824300A50183 /* Frameworks */ = {
			isa = PBXFrameworksBuildPhase;
			buildActionMask = 2147483647;
			files = (
			);
			runOnlyForDeploymentPostprocessing = 0;
		};
/* End PBXFrameworksBuildPhase section */

/* Begin PBXGroup section */
		A8101D341B7D824300A50183 = {
			isa = PBXGroup;
			children = (
				A8101D3F1B7D824300A50183 /* bottest */,
				A8101D591B7D824300A50183 /* bottestTests */,
				A8101D3E1B7D824300A50183 /* Products */,
			);
			sourceTree = "<group>";
		};
		A8101D3E1B7D824300A50183 /* Products */ = {
			isa = PBXGroup;
			children = (
				A8101D3D1B7D824300A50183 /* bottest.app */,
				A8101D561B7D824300A50183 /* bottestTests.xctest */,
			);
			name = Products;
			sourceTree = "<group>";
		};
		A8101D3F1B7D824300A50183 /* bottest */ = {
			isa = PBXGroup;
			children = (
				A8101D441B7D824300A50183 /* AppDelegate.h */,
				A8101D451B7D824300A50183 /* AppDelegate.m */,
				A8101D471B7D824300A50183 /* ViewController.h */,
				A8101D481B7D824300A50183 /* ViewController.m */,
				A8101D4A1B7D824300A50183 /* Main.storyboard */,
				A8101D4D1B7D824300A50183 /* Images.xcassets */,
				A8101D4F1B7D824300A50183 /* LaunchScreen.xib */,
				A8101D401B7D824300A50183 /* Supporting Files */,
			);
			path = bottest;
			sourceTree = "<group>";
		};
		A8101D401B7D824300A50183 /* Supporting Files */ = {
			isa = PBXGroup;
			children = (
				A8101D411B7D824300A50183 /* Info.plist */,
				A8101D421B7D824300A50183 /* main.m */,
			);
			name = "Supporting Files";
			sourceTree = "<group>";
		};
		A8101D591B7D824300A50183 /* bottestTests */ = {
			isa = PBXGroup;
			children = (
				A8101D5C1B7D824300A50183 /* bottestTests.m */,
				A8101D5A1B7D824300A50183 /* Supporting Files */,
			);
			path = bottestTests;
			sourceTree = "<group>";
		};
		A8101D5A1B7D824300A50183 /* Supporting Files */ = {
			isa = PBXGroup;
			children = (
				A8101D5B1B7D824300A50183 /* Info.plist */,
			);
			name = "Supporting Files";
			sourceTree = "<group>";
		};
/* End PBXGroup section */

/* Begin PBXNativeTarget section */
		A8101D3C1B7D824300A50183 /* bottest */ = {
			isa = PBXNativeTarget;
			buildConfigurationList = A8101D601B7D824300A50183 /* Build configuration list for PBXNativeTarget "bottest" */;
			buildPhases = (
				A8101D391B7D824300A50183 /* Sources */,
				A8101D3A1B7D824300A50183 /* Frameworks */,
				A8101D3B1B7D824300A50183 /* Resources */,
			);
			buildRules = (
			);
			dependencies = (
			);
			name = bottest;
			productName = bottest;
			productReference = A8101D3D1B7D824300A50183 /* bottest.app */;
			productType = "com.apple.product-type.application";
		};
		A8101D551B7D824300A50183 /* bottestTests */ = {
			isa = PBXNativeTarget;
			buildConfigurationList = A8101D631B7D824300A50183 /* Build configuration list for PBXNativeTarget "bottestTests" */;
			buildPhases = (
				A8101D521B7D824300A50183 /* Sources */,
				A8101D531B7D824300A50183 /* Frameworks */,
				A8101D541B7D824300A50183 /* Resources */,
			);
			buildRules = (
			);
			dependencies = (
				A8101D581B7D824300A50183 /* PBXTargetDependency */,
			);
			name = bottestTests;
			productName = bottestTests;
			productReference = A8101D561B7D824300A50183 /* bottestTests.xctest */;
			productType = "com.apple.product-type.bundle.unit-test";
		};
/* End PBXNativeTarget section */

/* Begin PBXProject section */
		A8101D351B7D824300A50183 /* Project object */ = {
			isa = PBXProject;
			attributes = {
				LastUpgradeCheck = 0640;
				ORGANIZATIONNAME = Breeze;
				TargetAttributes = {
					A8101D3C1B7D824300A50183 = {
						CreatedOnToolsVersion = 6.4;
					};
					A8101D551B7D824300A50183 = {
						CreatedOnToolsVersion = 6.4;
						TestTargetID = A8101D3C1B7D824300A50183;
					};
				};
			};
			buildConfigurationList = A8101D381B7D824300A50183 /* Build configuration list for PBXProject "bottest" */;
			compatibilityVersion = "Xcode 3.2";
			developmentRegion = English;
			hasScannedForEncodings = 0;
			knownRegions = (
				en,
				Base,
			);
			mainGroup = A8101D341B7D824300A50183;
			productRefGroup = A8101D3E1B7D824300A50183 /* Products */;
			projectDirPath = "";
			projectRoot = "";
			targets = (
				A8101D3C1B7D824300A50183 /* bottest */,
				A8101D551B7D824300A50183 /* bottestTests */,
			);
		};
/* End PBXProject section */

/* Begin PBXResourcesBuildPhase section */
		A8101D3B1B7D824300A50183 /* Resources */ = {
			isa = PBXResourcesBuildPhase;
			buildActionMask = 2147483647;
			files = (
				A8101D4C1B7D824300A50183 /* Main.storyboard in Resources */,
				A8101D511B7D824300A50183 /* LaunchScreen.xib in Resources */,
				A8101D4E1B7D824300A50183 /* Images.xcassets in Resources */,
			);
			runOnlyForDeploymentPostprocessing = 0;
		};
		A8101D541B7D824300A50183 /* Resources */ = {
			isa = PBXResourcesBuildPhase;
			buildActionMask = 2147483647;
			files = (
			);
			runOnlyForDeploymentPostprocessing = 0;
		};
/* End PBXResourcesBuildPhase section */

/* Begin PBXSourcesBuildPhase section */
		A8101D391B7D824300A50183 /* Sources */ = {
			isa = PBXSourcesBuildPhase;
			buildActionMask = 2147483647;
			files = (
				A8101D491B7D824300A50183 /* ViewController.m in Sources */,
				A8101D461B7D824300A50183 /* AppDelegate.m in Sources */,
				A8101D431B7D824300A50183 /* main.m in Sources */,
			);
			runOnlyForDeploymentPostprocessing = 0;
		};
		A8101D521B7D824300A50183 /* Sources */ = {
			isa = PBXSourcesBuildPhase;
			buildActionMask = 2147483647;
			files = (
				A8101D5D1B7D824300A50183 /* bottestTests.m in Sources */,
			);
			runOnlyForDeploymentPostprocessing = 0;
		};
/* End PBXSourcesBuildPhase section */

/* Begin PBXTargetDependency section */
		A8101D581B7D824300A50183 /* PBXTargetDependency */ = {
			isa = PBXTargetDependency;
			target = A8101D3C1B7D824300A50183 /* bottest */;
			targetProxy = A8101D571B7D824300A50183 /* PBXContainerItemProxy */;
		};
/* End PBXTargetDependency section */

/* Begin PBXVariantGroup section */
		A8101D4A1B7D824300A50183 /* Main.storyboard */ = {
			isa = PBXVariantGroup;
			children = (
				A8101D4B1B7D824300A50183 /* Base */,
			);
			name = Main.storyboard;
			sourceTree = "<group>";
		};
		A8101D4F1B7D824300A50183 /* LaunchScreen.xib */ = {
			isa = PBXVariantGroup;
			children = (
				A8101D501B7D824300A50183 /* Base */,
			);
			name = LaunchScreen.xib;
			sourceTree = "<group>";
		};
/* End PBXVariantGroup section */

/* Begin XCBuildConfiguration section */
		A8101D5E1B7D824300A50183 /* Debug */ = {
			isa = XCBuildConfiguration;
			buildSettings = {
				ALWAYS_SEARCH_USER_PATHS = NO;
				CLANG_CXX_LANGUAGE_STANDARD = "gnu++0x";
				CLANG_CXX_LIBRARY = "libc++";
				CLANG_ENABLE_MODULES = YES;
				CLANG_ENABLE_OBJC_ARC = YES;
				CLANG_WARN_BOOL_CONVERSION = YES;
				CLANG_WARN_CONSTANT_CONVERSION = YES;
				CLANG_WARN_DIRECT_OBJC_ISA_USAGE = YES_ERROR;
				CLANG_WARN_EMPTY_BODY = YES;
				CLANG_WARN_ENUM_CONVERSION = YES;
				CLANG_WARN_INT_CONVERSION = YES;
				CLANG_WARN_OBJC_ROOT_CLASS = YES_ERROR;
				CLANG_WARN_UNREACHABLE_CODE = YES;
				CLANG_WARN__DUPLICATE_METHOD_MATCH = YES;
				"CODE_SIGN_IDENTITY[sdk=iphoneos*]" = "iPhone Developer";
				COPY_PHASE_STRIP = NO;
				DEBUG_INFORMATION_FORMAT = "dwarf-with-dsym";
				ENABLE_STRICT_OBJC_MSGSEND = YES;
				GCC_C_LANGUAGE_STANDARD = gnu99;
				GCC_DYNAMIC_NO_PIC = NO;
				GCC_NO_COMMON_BLOCKS = YES;
				GCC_OPTIMIZATION_LEVEL = 0;
				GCC_PREPROCESSOR_DEFINITIONS = (
					"DEBUG=1",
					"$(inherited)",
				);
				GCC_SYMBOLS_PRIVATE_EXTERN = NO;
				GCC_WARN_64_TO_32_BIT_CONVERSION = YES;
				GCC_WARN_ABOUT_RETURN_TYPE = YES_ERROR;
				GCC_WARN_UNDECLARED_SELECTOR = YES;
				GCC_WARN_UNINITIALIZED_AUTOS = YES_AGGRESSIVE;
				GCC_WARN_UNUSED_FUNCTION = YES;
				GCC_WARN_UNUSED_VARIABLE = YES;
				IPHONEOS_DEPLOYMENT_TARGET = 8.4;
				MTL_ENABLE_DEBUG_INFO = YES;
				ONLY_ACTIVE_ARCH = YES;
				SDKROOT = iphoneos;
			};
			name = Debug;
		};
		A8101D5F1B7D824300A50183 /* Release */ = {
			isa = XCBuildConfiguration;
			buildSettings = {
				ALWAYS_SEARCH_USER_PATHS = NO;
				CLANG_CXX_LANGUAGE_STANDARD = "gnu++0x";
				CLANG_CXX_LIBRARY = "libc++";
				CLANG_ENABLE_MODULES = YES;
				CLANG_ENABLE_OBJC_ARC = YES;
				CLANG_WARN_BOOL_CONVERSION = YES;
				CLANG_WARN_CONSTANT_CONVERSION = YES;
				CLANG_WARN_DIRECT_OBJC_ISA_USAGE = YES_ERROR;
				CLANG_WARN_EMPTY_BODY = YES;
				CLANG_WARN_ENUM_CONVERSION = YES;
				CLANG_WARN_INT_CONVERSION = YES;
				CLANG_WARN_OBJC_ROOT_CLASS = YES_ERROR;
				CLANG_WARN_UNREACHABLE_CODE = YES;
				CLANG_WARN__DUPLICATE_METHOD_MATCH = YES;
				"CODE_SIGN_IDENTITY[sdk=iphoneos*]" = "iPhone Developer";
				COPY_PHASE_STRIP = NO;
				DEBUG_INFORMATION_FORMAT = "dwarf-with-dsym";
				ENABLE_NS_ASSERTIONS = NO;
				ENABLE_STRICT_OBJC_MSGSEND = YES;
				GCC_C_LANGUAGE_STANDARD = gnu99;
				GCC_NO_COMMON_BLOCKS = YES;
				GCC_WARN_64_TO_32_BIT_CONVERSION = YES;
				GCC_WARN_ABOUT_RETURN_TYPE = YES_ERROR;
				GCC_WARN_UNDECLARED_SELECTOR = YES;
				GCC_WARN_UNINITIALIZED_AUTOS = YES_AGGRESSIVE;
				GCC_WARN_UNUSED_FUNCTION = YES;
				GCC_WARN_UNUSED_VARIABLE = YES;
				IPHONEOS_DEPLOYMENT_TARGET = 8.4;
				MTL_ENABLE_DEBUG_INFO = NO;
				SDKROOT = iphoneos;
				VALIDATE_PRODUCT = YES;
			};
			name = Release;
		};
		A8101D611B7D824300A50183 /* Debug */ = {
			isa = XCBuildConfiguration;
			buildSettings = {
				ASSETCATALOG_COMPILER_APPICON_NAME = AppIcon;
				INFOPLIST_FILE = bottest/Info.plist;
				IPHONEOS_DEPLOYMENT_TARGET = 8.0;
				LD_RUNPATH_SEARCH_PATHS = "$(inherited) @executable_path/Frameworks";
				PRODUCT_NAME = "$(TARGET_NAME)";
			};
			name = Debug;
		};
		A8101D621B7D824300A50183 /* Release */ = {
			isa = XCBuildConfiguration;
			buildSettings = {
				ASSETCATALOG_COMPILER_APPICON_NAME = AppIcon;
				INFOPLIST_FILE = bottest/Info.plist;
				IPHONEOS_DEPLOYMENT_TARGET = 8.0;
				LD_RUNPATH_SEARCH_PATHS = "$(inherited) @executable_path/Frameworks";
				PRODUCT_NAME = "$(TARGET_NAME)";
			};
			name = Release;
		};
		A8101D641B7D824300A50183 /* Debug */ = {
			isa = XCBuildConfiguration;
			buildSettings = {
				BUNDLE_LOADER = "$(TEST_HOST)";
				FRAMEWORK_SEARCH_PATHS = (
					"$(SDKROOT)/Developer/Library/Frameworks",
					"$(inherited)",
				);
				GCC_PREPROCESSOR_DEFINITIONS = (
					"DEBUG=1",
					"$(inherited)",
				);
				INFOPLIST_FILE = bottestTests/Info.plist;
				LD_RUNPATH_SEARCH_PATHS = "$(inherited) @executable_path/Frameworks @loader_path/Frameworks";
				PRODUCT_NAME = "$(TARGET_NAME)";
				TEST_HOST = "$(BUILT_PRODUCTS_DIR)/bottest.app/bottest";
			};
			name = Debug;
		};
		A8101D651B7D824300A50183 /* Release */ = {
			isa = XCBuildConfiguration;
			buildSettings = {
				BUNDLE_LOADER = "$(TEST_HOST)";
				FRAMEWORK_SEARCH_PATHS = (
					"$(SDKROOT)/Developer/Library/Frameworks",
					"$(inherited)",
				);
				INFOPLIST_FILE = bottestTests/Info.plist;
				LD_RUNPATH_SEARCH_PATHS = "$(inherited) @executable_path/Frameworks @loader_path/Frameworks";
				PRODUCT_NAME = "$(TARGET_NAME)";
				TEST_HOST = "$(BUILT_PRODUCTS_DIR)/bottest.app/bottest";
			};
			name = Release;
		};
/* End XCBuildConfiguration section */

/* Begin XCConfigurationList section */
		A8101D381B7D824300A50183 /* Build configuration list for PBXProject "bottest" */ = {
			isa = XCConfigurationList;
			buildConfigurations = (
				A8101D5E1B7D824300A50183 /* Debug */,
				A8101D5F1B7D824300A50183 /* Release */,
			);
			defaultConfigurationIsVisible = 0;
			defaultConfigurationName = Release;
		};
		A8101D601B7D824300A50183 /* Build configuration list for PBXNativeTarget "bottest" */ = {
			isa = XCConfigurationList;
			buildConfigurations = (
				A8101D611B7D824300A50183 /* Debug */,
				A8101D621B7D824300A50183 /* Release */,
			);
			defaultConfigurationIsVisible = 0;
		};
		A8101D631B7D824300A50183 /* Build configuration list for PBXNativeTarget "bottestTests" */ = {
			isa = XCConfigurationList;
			buildConfigurations = (
				A8101D641B7D824300A50183 /* Debug */,
				A8101D651B7D824300A50183 /* Release */,
			);
			defaultConfigurationIsVisible = 0;
		};
/* End XCConfigurationList section */
	};
	rootObject = A8101D351B7D824300A50183 /* Project object */;
}
